// !$*UTF8*$!
{
	archiveVersion = 1;
	classes = {
	};
	objectVersion = 48;
	objects = {

/* Begin PBXBuildFile section */
		0D49562B20B3B30600F3B617 /* MyCollectionViewController.m in Sources */ = {isa = PBXBuildFile; fileRef = 0D49562A20B3B30600F3B617 /* MyCollectionViewController.m */; };
		0D49562F20B3B68B00F3B617 /* MyCollectionViewItem.m in Sources */ = {isa = PBXBuildFile; fileRef = 0D49562E20B3B68B00F3B617 /* MyCollectionViewItem.m */; };
		0D5107DC205FAE7B0083E9E2 /* AppDelegate.m in Sources */ = {isa = PBXBuildFile; fileRef = 0D5107DB205FAE7B0083E9E2 /* AppDelegate.m */; };
		0D5107DF205FAE7B0083E9E2 /* ViewController.m in Sources */ = {isa = PBXBuildFile; fileRef = 0D5107DE205FAE7B0083E9E2 /* ViewController.m */; };
		0D5107E2205FAE7B0083E9E2 /* Main.storyboard in Resources */ = {isa = PBXBuildFile; fileRef = 0D5107E0205FAE7B0083E9E2 /* Main.storyboard */; };
		0D5107E4205FAE7B0083E9E2 /* Assets.xcassets in Resources */ = {isa = PBXBuildFile; fileRef = 0D5107E3205FAE7B0083E9E2 /* Assets.xcassets */; };
		0D5107E7205FAE7B0083E9E2 /* LaunchScreen.storyboard in Resources */ = {isa = PBXBuildFile; fileRef = 0D5107E5205FAE7B0083E9E2 /* LaunchScreen.storyboard */; };
		0D5107EA205FAE7B0083E9E2 /* main.m in Sources */ = {isa = PBXBuildFile; fileRef = 0D5107E9205FAE7B0083E9E2 /* main.m */; };
		0D5107F4205FAE7B0083E9E2 /* DeviceInfoTests.m in Sources */ = {isa = PBXBuildFile; fileRef = 0D5107F3205FAE7B0083E9E2 /* DeviceInfoTests.m */; };
		0D5107FF205FAE7B0083E9E2 /* DeviceInfoUITests.m in Sources */ = {isa = PBXBuildFile; fileRef = 0D5107FE205FAE7B0083E9E2 /* DeviceInfoUITests.m */; };
		0DF2329F20AEC8D400CF53B8 /* ViewController.m in Sources */ = {isa = PBXBuildFile; fileRef = 0D5107DE205FAE7B0083E9E2 /* ViewController.m */; };
		0DF232A020AEC8D400CF53B8 /* main.m in Sources */ = {isa = PBXBuildFile; fileRef = 0D5107E9205FAE7B0083E9E2 /* main.m */; };
		0DF232A120AEC8D400CF53B8 /* AppDelegate.m in Sources */ = {isa = PBXBuildFile; fileRef = 0D5107DB205FAE7B0083E9E2 /* AppDelegate.m */; };
		0DF232A320AEC8D400CF53B8 /* libPods-DeviceInfo.a in Frameworks */ = {isa = PBXBuildFile; fileRef = E531A94FC3E3AB713D91465A /* libPods-DeviceInfo.a */; };
		0DF232A520AEC8D400CF53B8 /* LaunchScreen.storyboard in Resources */ = {isa = PBXBuildFile; fileRef = 0D5107E5205FAE7B0083E9E2 /* LaunchScreen.storyboard */; };
		0DF232A620AEC8D400CF53B8 /* Assets.xcassets in Resources */ = {isa = PBXBuildFile; fileRef = 0D5107E3205FAE7B0083E9E2 /* Assets.xcassets */; };
		0DF232A720AEC8D400CF53B8 /* Main.storyboard in Resources */ = {isa = PBXBuildFile; fileRef = 0D5107E0205FAE7B0083E9E2 /* Main.storyboard */; };
		3A5934921C6E6C708A447329 /* libPods-DeviceInfo.a in Frameworks */ = {isa = PBXBuildFile; fileRef = E531A94FC3E3AB713D91465A /* libPods-DeviceInfo.a */; };
/* End PBXBuildFile section */

/* Begin PBXContainerItemProxy section */
		0D5107F0205FAE7B0083E9E2 /* PBXContainerItemProxy */ = {
			isa = PBXContainerItemProxy;
			containerPortal = 0D5107CF205FAE7B0083E9E2 /* Project object */;
			proxyType = 1;
			remoteGlobalIDString = 0D5107D6205FAE7B0083E9E2;
			remoteInfo = DeviceInfo;
		};
		0D5107FB205FAE7B0083E9E2 /* PBXContainerItemProxy */ = {
			isa = PBXContainerItemProxy;
			containerPortal = 0D5107CF205FAE7B0083E9E2 /* Project object */;
			proxyType = 1;
			remoteGlobalIDString = 0D5107D6205FAE7B0083E9E2;
			remoteInfo = DeviceInfo;
		};
/* End PBXContainerItemProxy section */

/* Begin PBXFileReference section */
		0D49562920B3B30600F3B617 /* MyCollectionViewController.h */ = {isa = PBXFileReference; lastKnownFileType = sourcecode.c.h; path = MyCollectionViewController.h; sourceTree = "<group>"; };
		0D49562A20B3B30600F3B617 /* MyCollectionViewController.m */ = {isa = PBXFileReference; lastKnownFileType = sourcecode.c.objc; path = MyCollectionViewController.m; sourceTree = "<group>"; };
		0D49562D20B3B68B00F3B617 /* MyCollectionViewItem.h */ = {isa = PBXFileReference; lastKnownFileType = sourcecode.c.h; path = MyCollectionViewItem.h; sourceTree = "<group>"; };
		0D49562E20B3B68B00F3B617 /* MyCollectionViewItem.m */ = {isa = PBXFileReference; lastKnownFileType = sourcecode.c.objc; path = MyCollectionViewItem.m; sourceTree = "<group>"; };
		0D5107D7205FAE7B0083E9E2 /* DeviceInfo.app */ = {isa = PBXFileReference; explicitFileType = wrapper.application; includeInIndex = 0; path = DeviceInfo.app; sourceTree = BUILT_PRODUCTS_DIR; };
		0D5107DA205FAE7B0083E9E2 /* AppDelegate.h */ = {isa = PBXFileReference; lastKnownFileType = sourcecode.c.h; path = AppDelegate.h; sourceTree = "<group>"; };
		0D5107DB205FAE7B0083E9E2 /* AppDelegate.m */ = {isa = PBXFileReference; lastKnownFileType = sourcecode.c.objc; path = AppDelegate.m; sourceTree = "<group>"; };
		0D5107DD205FAE7B0083E9E2 /* ViewController.h */ = {isa = PBXFileReference; lastKnownFileType = sourcecode.c.h; path = ViewController.h; sourceTree = "<group>"; };
		0D5107DE205FAE7B0083E9E2 /* ViewController.m */ = {isa = PBXFileReference; lastKnownFileType = sourcecode.c.objc; path = ViewController.m; sourceTree = "<group>"; };
		0D5107E1205FAE7B0083E9E2 /* Base */ = {isa = PBXFileReference; lastKnownFileType = file.storyboard; name = Base; path = Base.lproj/Main.storyboard; sourceTree = "<group>"; };
		0D5107E3205FAE7B0083E9E2 /* Assets.xcassets */ = {isa = PBXFileReference; lastKnownFileType = folder.assetcatalog; path = Assets.xcassets; sourceTree = "<group>"; };
		0D5107E6205FAE7B0083E9E2 /* Base */ = {isa = PBXFileReference; lastKnownFileType = file.storyboard; name = Base; path = Base.lproj/LaunchScreen.storyboard; sourceTree = "<group>"; };
		0D5107E8205FAE7B0083E9E2 /* Info.plist */ = {isa = PBXFileReference; lastKnownFileType = text.plist.xml; path = Info.plist; sourceTree = "<group>"; };
		0D5107E9205FAE7B0083E9E2 /* main.m */ = {isa = PBXFileReference; lastKnownFileType = sourcecode.c.objc; path = main.m; sourceTree = "<group>"; };
		0D5107EF205FAE7B0083E9E2 /* DeviceInfoTests.xctest */ = {isa = PBXFileReference; explicitFileType = wrapper.cfbundle; includeInIndex = 0; path = DeviceInfoTests.xctest; sourceTree = BUILT_PRODUCTS_DIR; };
		0D5107F3205FAE7B0083E9E2 /* DeviceInfoTests.m */ = {isa = PBXFileReference; lastKnownFileType = sourcecode.c.objc; path = DeviceInfoTests.m; sourceTree = "<group>"; };
		0D5107F5205FAE7B0083E9E2 /* Info.plist */ = {isa = PBXFileReference; lastKnownFileType = text.plist.xml; path = Info.plist; sourceTree = "<group>"; };
		0D5107FA205FAE7B0083E9E2 /* DeviceInfoUITests.xctest */ = {isa = PBXFileReference; explicitFileType = wrapper.cfbundle; includeInIndex = 0; path = DeviceInfoUITests.xctest; sourceTree = BUILT_PRODUCTS_DIR; };
		0D5107FE205FAE7B0083E9E2 /* DeviceInfoUITests.m */ = {isa = PBXFileReference; lastKnownFileType = sourcecode.c.objc; path = DeviceInfoUITests.m; sourceTree = "<group>"; };
		0D510800205FAE7B0083E9E2 /* Info.plist */ = {isa = PBXFileReference; lastKnownFileType = text.plist.xml; path = Info.plist; sourceTree = "<group>"; };
		0DF232AD20AEC8D400CF53B8 /* DeviceInfo_AppStore.app */ = {isa = PBXFileReference; explicitFileType = wrapper.application; includeInIndex = 0; path = DeviceInfo_AppStore.app; sourceTree = BUILT_PRODUCTS_DIR; };
		0DF232AE20AEC8D400CF53B8 /* DeviceInfo_AppStore.plist */ = {isa = PBXFileReference; lastKnownFileType = text.plist.xml; name = DeviceInfo_AppStore.plist; path = /Users/liruisong/Repository/DeviceInfo/DeviceInfo_AppStore.plist; sourceTree = "<absolute>"; };
		25D095DB912420A2E2BFC461 /* Pods-DeviceInfo.debug.xcconfig */ = {isa = PBXFileReference; includeInIndex = 1; lastKnownFileType = text.xcconfig; name = "Pods-DeviceInfo.debug.xcconfig"; path = "Pods/Target Support Files/Pods-DeviceInfo/Pods-DeviceInfo.debug.xcconfig"; sourceTree = "<group>"; };
		345820B946725E031619F1C2 /* Pods-DeviceInfo.release.xcconfig */ = {isa = PBXFileReference; includeInIndex = 1; lastKnownFileType = text.xcconfig; name = "Pods-DeviceInfo.release.xcconfig"; path = "Pods/Target Support Files/Pods-DeviceInfo/Pods-DeviceInfo.release.xcconfig"; sourceTree = "<group>"; };
		E531A94FC3E3AB713D91465A /* libPods-DeviceInfo.a */ = {isa = PBXFileReference; explicitFileType = archive.ar; includeInIndex = 0; path = "libPods-DeviceInfo.a"; sourceTree = BUILT_PRODUCTS_DIR; };
/* End PBXFileReference section */

/* Begin PBXFrameworksBuildPhase section */
		0D5107D4205FAE7B0083E9E2 /* Frameworks */ = {
			isa = PBXFrameworksBuildPhase;
			buildActionMask = 2147483647;
			files = (
				3A5934921C6E6C708A447329 /* libPods-DeviceInfo.a in Frameworks */,
			);
			runOnlyForDeploymentPostprocessing = 0;
		};
		0D5107EC205FAE7B0083E9E2 /* Frameworks */ = {
			isa = PBXFrameworksBuildPhase;
			buildActionMask = 2147483647;
			files = (
			);
			runOnlyForDeploymentPostprocessing = 0;
		};
		0D5107F7205FAE7B0083E9E2 /* Frameworks */ = {
			isa = PBXFrameworksBuildPhase;
			buildActionMask = 2147483647;
			files = (
			);
			runOnlyForDeploymentPostprocessing = 0;
		};
		0DF232A220AEC8D400CF53B8 /* Frameworks */ = {
			isa = PBXFrameworksBuildPhase;
			buildActionMask = 2147483647;
			files = (
				0DF232A320AEC8D400CF53B8 /* libPods-DeviceInfo.a in Frameworks */,
			);
			runOnlyForDeploymentPostprocessing = 0;
		};
/* End PBXFrameworksBuildPhase section */

/* Begin PBXGroup section */
		0D5107CE205FAE7B0083E9E2 = {
			isa = PBXGroup;
			children = (
				0D5107D9205FAE7B0083E9E2 /* DeviceInfo */,
				0D5107F2205FAE7B0083E9E2 /* DeviceInfoTests */,
				0D5107FD205FAE7B0083E9E2 /* DeviceInfoUITests */,
				0D5107D8205FAE7B0083E9E2 /* Products */,
				4B892FE1C05F4EFABC084229 /* Pods */,
				7E85CCF70F6ADBCBE9DF7BE7 /* Frameworks */,
				0DF232AE20AEC8D400CF53B8 /* DeviceInfo_AppStore.plist */,
			);
			sourceTree = "<group>";
		};
		0D5107D8205FAE7B0083E9E2 /* Products */ = {
			isa = PBXGroup;
			children = (
				0D5107D7205FAE7B0083E9E2 /* DeviceInfo.app */,
				0D5107EF205FAE7B0083E9E2 /* DeviceInfoTests.xctest */,
				0D5107FA205FAE7B0083E9E2 /* DeviceInfoUITests.xctest */,
				0DF232AD20AEC8D400CF53B8 /* DeviceInfo_AppStore.app */,
			);
			name = Products;
			sourceTree = "<group>";
		};
		0D5107D9205FAE7B0083E9E2 /* DeviceInfo */ = {
			isa = PBXGroup;
			children = (
				0D5107DA205FAE7B0083E9E2 /* AppDelegate.h */,
				0D5107DB205FAE7B0083E9E2 /* AppDelegate.m */,
				0D5107DD205FAE7B0083E9E2 /* ViewController.h */,
				0D5107DE205FAE7B0083E9E2 /* ViewController.m */,
				0D49562920B3B30600F3B617 /* MyCollectionViewController.h */,
				0D49562A20B3B30600F3B617 /* MyCollectionViewController.m */,
				0D49562D20B3B68B00F3B617 /* MyCollectionViewItem.h */,
				0D49562E20B3B68B00F3B617 /* MyCollectionViewItem.m */,
				0D51080D205FB1EF0083E9E2 /* Supporting Files */,
			);
			path = DeviceInfo;
			sourceTree = "<group>";
		};
		0D5107F2205FAE7B0083E9E2 /* DeviceInfoTests */ = {
			isa = PBXGroup;
			children = (
				0D5107F3205FAE7B0083E9E2 /* DeviceInfoTests.m */,
				0D5107F5205FAE7B0083E9E2 /* Info.plist */,
			);
			path = DeviceInfoTests;
			sourceTree = "<group>";
		};
		0D5107FD205FAE7B0083E9E2 /* DeviceInfoUITests */ = {
			isa = PBXGroup;
			children = (
				0D5107FE205FAE7B0083E9E2 /* DeviceInfoUITests.m */,
				0D510800205FAE7B0083E9E2 /* Info.plist */,
			);
			path = DeviceInfoUITests;
			sourceTree = "<group>";
		};
		0D51080D205FB1EF0083E9E2 /* Supporting Files */ = {
			isa = PBXGroup;
			children = (
				0D5107E0205FAE7B0083E9E2 /* Main.storyboard */,
				0D5107E3205FAE7B0083E9E2 /* Assets.xcassets */,
				0D5107E5205FAE7B0083E9E2 /* LaunchScreen.storyboard */,
				0D5107E8205FAE7B0083E9E2 /* Info.plist */,
				0D5107E9205FAE7B0083E9E2 /* main.m */,
			);
			path = "Supporting Files";
			sourceTree = "<group>";
		};
		4B892FE1C05F4EFABC084229 /* Pods */ = {
			isa = PBXGroup;
			children = (
				25D095DB912420A2E2BFC461 /* Pods-DeviceInfo.debug.xcconfig */,
				345820B946725E031619F1C2 /* Pods-DeviceInfo.release.xcconfig */,
			);
			name = Pods;
			sourceTree = "<group>";
		};
		7E85CCF70F6ADBCBE9DF7BE7 /* Frameworks */ = {
			isa = PBXGroup;
			children = (
				E531A94FC3E3AB713D91465A /* libPods-DeviceInfo.a */,
			);
			name = Frameworks;
			sourceTree = "<group>";
		};
/* End PBXGroup section */

/* Begin PBXNativeTarget section */
		0D5107D6205FAE7B0083E9E2 /* DeviceInfo */ = {
			isa = PBXNativeTarget;
			buildConfigurationList = 0D510803205FAE7B0083E9E2 /* Build configuration list for PBXNativeTarget "DeviceInfo" */;
			buildPhases = (
				AB11B3DC8F87D9C649208BB0 /* [CP] Check Pods Manifest.lock */,
				0D5107D3205FAE7B0083E9E2 /* Sources */,
				0D5107D4205FAE7B0083E9E2 /* Frameworks */,
				0D5107D5205FAE7B0083E9E2 /* Resources */,
				ACDBAE8A1A266FDB6B9D0FB4 /* [CP] Embed Pods Frameworks */,
				CA41048FA10146006F9A025D /* [CP] Copy Pods Resources */,
			);
			buildRules = (
			);
			dependencies = (
			);
			name = DeviceInfo;
			productName = DeviceInfo;
			productReference = 0D5107D7205FAE7B0083E9E2 /* DeviceInfo.app */;
			productType = "com.apple.product-type.application";
		};
		0D5107EE205FAE7B0083E9E2 /* DeviceInfoTests */ = {
			isa = PBXNativeTarget;
			buildConfigurationList = 0D510806205FAE7B0083E9E2 /* Build configuration list for PBXNativeTarget "DeviceInfoTests" */;
			buildPhases = (
				0D5107EB205FAE7B0083E9E2 /* Sources */,
				0D5107EC205FAE7B0083E9E2 /* Frameworks */,
				0D5107ED205FAE7B0083E9E2 /* Resources */,
			);
			buildRules = (
			);
			dependencies = (
				0D5107F1205FAE7B0083E9E2 /* PBXTargetDependency */,
			);
			name = DeviceInfoTests;
			productName = DeviceInfoTests;
			productReference = 0D5107EF205FAE7B0083E9E2 /* DeviceInfoTests.xctest */;
			productType = "com.apple.product-type.bundle.unit-test";
		};
		0D5107F9205FAE7B0083E9E2 /* DeviceInfoUITests */ = {
			isa = PBXNativeTarget;
			buildConfigurationList = 0D510809205FAE7B0083E9E2 /* Build configuration list for PBXNativeTarget "DeviceInfoUITests" */;
			buildPhases = (
				0D5107F6205FAE7B0083E9E2 /* Sources */,
				0D5107F7205FAE7B0083E9E2 /* Frameworks */,
				0D5107F8205FAE7B0083E9E2 /* Resources */,
			);
			buildRules = (
			);
			dependencies = (
				0D5107FC205FAE7B0083E9E2 /* PBXTargetDependency */,
			);
			name = DeviceInfoUITests;
			productName = DeviceInfoUITests;
			productReference = 0D5107FA205FAE7B0083E9E2 /* DeviceInfoUITests.xctest */;
			productType = "com.apple.product-type.bundle.ui-testing";
		};
		0DF2329C20AEC8D400CF53B8 /* DeviceInfo_AppStore */ = {
			isa = PBXNativeTarget;
			buildConfigurationList = 0DF232AA20AEC8D400CF53B8 /* Build configuration list for PBXNativeTarget "DeviceInfo_AppStore" */;
			buildPhases = (
				0DF2329D20AEC8D400CF53B8 /* [CP] Check Pods Manifest.lock */,
				0DF2329E20AEC8D400CF53B8 /* Sources */,
				0DF232A220AEC8D400CF53B8 /* Frameworks */,
				0DF232A420AEC8D400CF53B8 /* Resources */,
				0DF232A820AEC8D400CF53B8 /* [CP] Embed Pods Frameworks */,
				0DF232A920AEC8D400CF53B8 /* [CP] Copy Pods Resources */,
			);
			buildRules = (
			);
			dependencies = (
			);
			name = DeviceInfo_AppStore;
			productName = DeviceInfo;
			productReference = 0DF232AD20AEC8D400CF53B8 /* DeviceInfo_AppStore.app */;
			productType = "com.apple.product-type.application";
		};
/* End PBXNativeTarget section */

/* Begin PBXProject section */
		0D5107CF205FAE7B0083E9E2 /* Project object */ = {
			isa = PBXProject;
			attributes = {
				LastUpgradeCheck = 0920;
				ORGANIZATIONNAME = "Reason Lee";
				TargetAttributes = {
					0D5107D6205FAE7B0083E9E2 = {
						CreatedOnToolsVersion = 9.2;
						ProvisioningStyle = Manual;
					};
					0D5107EE205FAE7B0083E9E2 = {
						CreatedOnToolsVersion = 9.2;
						ProvisioningStyle = Automatic;
						TestTargetID = 0D5107D6205FAE7B0083E9E2;
					};
					0D5107F9205FAE7B0083E9E2 = {
						CreatedOnToolsVersion = 9.2;
						ProvisioningStyle = Automatic;
						TestTargetID = 0D5107D6205FAE7B0083E9E2;
					};
					0DF2329C20AEC8D400CF53B8 = {
						ProvisioningStyle = Manual;
					};
				};
			};
			buildConfigurationList = 0D5107D2205FAE7B0083E9E2 /* Build configuration list for PBXProject "DeviceInfo" */;
			compatibilityVersion = "Xcode 8.0";
			developmentRegion = en;
			hasScannedForEncodings = 0;
			knownRegions = (
				en,
				Base,
			);
			mainGroup = 0D5107CE205FAE7B0083E9E2;
			productRefGroup = 0D5107D8205FAE7B0083E9E2 /* Products */;
			projectDirPath = "";
			projectRoot = "";
			targets = (
				0D5107D6205FAE7B0083E9E2 /* DeviceInfo */,
				0D5107EE205FAE7B0083E9E2 /* DeviceInfoTests */,
				0D5107F9205FAE7B0083E9E2 /* DeviceInfoUITests */,
				0DF2329C20AEC8D400CF53B8 /* DeviceInfo_AppStore */,
			);
		};
/* End PBXProject section */

/* Begin PBXResourcesBuildPhase section */
		0D5107D5205FAE7B0083E9E2 /* Resources */ = {
			isa = PBXResourcesBuildPhase;
			buildActionMask = 2147483647;
			files = (
				0D5107E7205FAE7B0083E9E2 /* LaunchScreen.storyboard in Resources */,
				0D5107E4205FAE7B0083E9E2 /* Assets.xcassets in Resources */,
				0D5107E2205FAE7B0083E9E2 /* Main.storyboard in Resources */,
			);
			runOnlyForDeploymentPostprocessing = 0;
		};
		0D5107ED205FAE7B0083E9E2 /* Resources */ = {
			isa = PBXResourcesBuildPhase;
			buildActionMask = 2147483647;
			files = (
			);
			runOnlyForDeploymentPostprocessing = 0;
		};
		0D5107F8205FAE7B0083E9E2 /* Resources */ = {
			isa = PBXResourcesBuildPhase;
			buildActionMask = 2147483647;
			files = (
			);
			runOnlyForDeploymentPostprocessing = 0;
		};
		0DF232A420AEC8D400CF53B8 /* Resources */ = {
			isa = PBXResourcesBuildPhase;
			buildActionMask = 2147483647;
			files = (
				0DF232A520AEC8D400CF53B8 /* LaunchScreen.storyboard in Resources */,
				0DF232A620AEC8D400CF53B8 /* Assets.xcassets in Resources */,
				0DF232A720AEC8D400CF53B8 /* Main.storyboard in Resources */,
			);
			runOnlyForDeploymentPostprocessing = 0;
		};
/* End PBXResourcesBuildPhase section */

/* Begin PBXShellScriptBuildPhase section */
		0DF2329D20AEC8D400CF53B8 /* [CP] Check Pods Manifest.lock */ = {
			isa = PBXShellScriptBuildPhase;
			buildActionMask = 2147483647;
			files = (
			);
			inputPaths = (
				"${PODS_PODFILE_DIR_PATH}/Podfile.lock",
				"${PODS_ROOT}/Manifest.lock",
			);
			name = "[CP] Check Pods Manifest.lock";
			outputPaths = (
				"$(DERIVED_FILE_DIR)/Pods-DeviceInfo-checkManifestLockResult.txt",
			);
			runOnlyForDeploymentPostprocessing = 0;
			shellPath = /bin/sh;
			shellScript = "diff \"${PODS_PODFILE_DIR_PATH}/Podfile.lock\" \"${PODS_ROOT}/Manifest.lock\" > /dev/null\nif [ $? != 0 ] ; then\n    # print error to STDERR\n    echo \"error: The sandbox is not in sync with the Podfile.lock. Run 'pod install' or update your CocoaPods installation.\" >&2\n    exit 1\nfi\n# This output is used by Xcode 'outputs' to avoid re-running this script phase.\necho \"SUCCESS\" > \"${SCRIPT_OUTPUT_FILE_0}\"\n";
			showEnvVarsInLog = 0;
		};
		0DF232A820AEC8D400CF53B8 /* [CP] Embed Pods Frameworks */ = {
			isa = PBXShellScriptBuildPhase;
			buildActionMask = 2147483647;
			files = (
			);
			inputPaths = (
			);
			name = "[CP] Embed Pods Frameworks";
			outputPaths = (
			);
			runOnlyForDeploymentPostprocessing = 0;
			shellPath = /bin/sh;
			shellScript = "\"${SRCROOT}/Pods/Target Support Files/Pods-DeviceInfo/Pods-DeviceInfo-frameworks.sh\"\n";
			showEnvVarsInLog = 0;
		};
		0DF232A920AEC8D400CF53B8 /* [CP] Copy Pods Resources */ = {
			isa = PBXShellScriptBuildPhase;
			buildActionMask = 2147483647;
			files = (
			);
			inputPaths = (
			);
			name = "[CP] Copy Pods Resources";
			outputPaths = (
			);
			runOnlyForDeploymentPostprocessing = 0;
			shellPath = /bin/sh;
			shellScript = "\"${SRCROOT}/Pods/Target Support Files/Pods-DeviceInfo/Pods-DeviceInfo-resources.sh\"\n";
			showEnvVarsInLog = 0;
		};
		AB11B3DC8F87D9C649208BB0 /* [CP] Check Pods Manifest.lock */ = {
			isa = PBXShellScriptBuildPhase;
			buildActionMask = 2147483647;
			files = (
			);
			inputPaths = (
				"${PODS_PODFILE_DIR_PATH}/Podfile.lock",
				"${PODS_ROOT}/Manifest.lock",
			);
			name = "[CP] Check Pods Manifest.lock";
			outputPaths = (
				"$(DERIVED_FILE_DIR)/Pods-DeviceInfo-checkManifestLockResult.txt",
			);
			runOnlyForDeploymentPostprocessing = 0;
			shellPath = /bin/sh;
			shellScript = "diff \"${PODS_PODFILE_DIR_PATH}/Podfile.lock\" \"${PODS_ROOT}/Manifest.lock\" > /dev/null\nif [ $? != 0 ] ; then\n    # print error to STDERR\n    echo \"error: The sandbox is not in sync with the Podfile.lock. Run 'pod install' or update your CocoaPods installation.\" >&2\n    exit 1\nfi\n# This output is used by Xcode 'outputs' to avoid re-running this script phase.\necho \"SUCCESS\" > \"${SCRIPT_OUTPUT_FILE_0}\"\n";
			showEnvVarsInLog = 0;
		};
		ACDBAE8A1A266FDB6B9D0FB4 /* [CP] Embed Pods Frameworks */ = {
			isa = PBXShellScriptBuildPhase;
			buildActionMask = 2147483647;
			files = (
			);
			inputPaths = (
			);
			name = "[CP] Embed Pods Frameworks";
			outputPaths = (
			);
			runOnlyForDeploymentPostprocessing = 0;
			shellPath = /bin/sh;
			shellScript = "\"${SRCROOT}/Pods/Target Support Files/Pods-DeviceInfo/Pods-DeviceInfo-frameworks.sh\"\n";
			showEnvVarsInLog = 0;
		};
		CA41048FA10146006F9A025D /* [CP] Copy Pods Resources */ = {
			isa = PBXShellScriptBuildPhase;
			buildActionMask = 2147483647;
			files = (
			);
			inputPaths = (
			);
			name = "[CP] Copy Pods Resources";
			outputPaths = (
			);
			runOnlyForDeploymentPostprocessing = 0;
			shellPath = /bin/sh;
			shellScript = "\"${SRCROOT}/Pods/Target Support Files/Pods-DeviceInfo/Pods-DeviceInfo-resources.sh\"\n";
			showEnvVarsInLog = 0;
		};
/* End PBXShellScriptBuildPhase section */

/* Begin PBXSourcesBuildPhase section */
		0D5107D3205FAE7B0083E9E2 /* Sources */ = {
			isa = PBXSourcesBuildPhase;
			buildActionMask = 2147483647;
			files = (
				0D49562B20B3B30600F3B617 /* MyCollectionViewController.m in Sources */,
				0D5107DF205FAE7B0083E9E2 /* ViewController.m in Sources */,
				0D49562F20B3B68B00F3B617 /* MyCollectionViewItem.m in Sources */,
				0D5107EA205FAE7B0083E9E2 /* main.m in Sources */,
				0D5107DC205FAE7B0083E9E2 /* AppDelegate.m in Sources */,
			);
			runOnlyForDeploymentPostprocessing = 0;
		};
		0D5107EB205FAE7B0083E9E2 /* Sources */ = {
			isa = PBXSourcesBuildPhase;
			buildActionMask = 2147483647;
			files = (
				0D5107F4205FAE7B0083E9E2 /* DeviceInfoTests.m in Sources */,
			);
			runOnlyForDeploymentPostprocessing = 0;
		};
		0D5107F6205FAE7B0083E9E2 /* Sources */ = {
			isa = PBXSourcesBuildPhase;
			buildActionMask = 2147483647;
			files = (
				0D5107FF205FAE7B0083E9E2 /* DeviceInfoUITests.m in Sources */,
			);
			runOnlyForDeploymentPostprocessing = 0;
		};
		0DF2329E20AEC8D400CF53B8 /* Sources */ = {
			isa = PBXSourcesBuildPhase;
			buildActionMask = 2147483647;
			files = (
				0DF2329F20AEC8D400CF53B8 /* ViewController.m in Sources */,
				0DF232A020AEC8D400CF53B8 /* main.m in Sources */,
				0DF232A120AEC8D400CF53B8 /* AppDelegate.m in Sources */,
			);
			runOnlyForDeploymentPostprocessing = 0;
		};
/* End PBXSourcesBuildPhase section */

/* Begin PBXTargetDependency section */
		0D5107F1205FAE7B0083E9E2 /* PBXTargetDependency */ = {
			isa = PBXTargetDependency;
			target = 0D5107D6205FAE7B0083E9E2 /* DeviceInfo */;
			targetProxy = 0D5107F0205FAE7B0083E9E2 /* PBXContainerItemProxy */;
		};
		0D5107FC205FAE7B0083E9E2 /* PBXTargetDependency */ = {
			isa = PBXTargetDependency;
			target = 0D5107D6205FAE7B0083E9E2 /* DeviceInfo */;
			targetProxy = 0D5107FB205FAE7B0083E9E2 /* PBXContainerItemProxy */;
		};
/* End PBXTargetDependency section */

/* Begin PBXVariantGroup section */
		0D5107E0205FAE7B0083E9E2 /* Main.storyboard */ = {
			isa = PBXVariantGroup;
			children = (
				0D5107E1205FAE7B0083E9E2 /* Base */,
			);
			name = Main.storyboard;
			sourceTree = "<group>";
		};
		0D5107E5205FAE7B0083E9E2 /* LaunchScreen.storyboard */ = {
			isa = PBXVariantGroup;
			children = (
				0D5107E6205FAE7B0083E9E2 /* Base */,
			);
			name = LaunchScreen.storyboard;
			sourceTree = "<group>";
		};
/* End PBXVariantGroup section */

/* Begin XCBuildConfiguration section */
		0D510801205FAE7B0083E9E2 /* Debug */ = {
			isa = XCBuildConfiguration;
			buildSettings = {
				ALWAYS_SEARCH_USER_PATHS = NO;
				CLANG_ANALYZER_NONNULL = YES;
				CLANG_ANALYZER_NUMBER_OBJECT_CONVERSION = YES_AGGRESSIVE;
				CLANG_CXX_LANGUAGE_STANDARD = "gnu++14";
				CLANG_CXX_LIBRARY = "libc++";
				CLANG_ENABLE_MODULES = YES;
				CLANG_ENABLE_OBJC_ARC = YES;
				CLANG_WARN_BLOCK_CAPTURE_AUTORELEASING = YES;
				CLANG_WARN_BOOL_CONVERSION = YES;
				CLANG_WARN_COMMA = YES;
				CLANG_WARN_CONSTANT_CONVERSION = YES;
				CLANG_WARN_DIRECT_OBJC_ISA_USAGE = YES_ERROR;
				CLANG_WARN_DOCUMENTATION_COMMENTS = YES;
				CLANG_WARN_EMPTY_BODY = YES;
				CLANG_WARN_ENUM_CONVERSION = YES;
				CLANG_WARN_INFINITE_RECURSION = YES;
				CLANG_WARN_INT_CONVERSION = YES;
				CLANG_WARN_NON_LITERAL_NULL_CONVERSION = YES;
				CLANG_WARN_OBJC_LITERAL_CONVERSION = YES;
				CLANG_WARN_OBJC_ROOT_CLASS = YES_ERROR;
				CLANG_WARN_RANGE_LOOP_ANALYSIS = YES;
				CLANG_WARN_STRICT_PROTOTYPES = YES;
				CLANG_WARN_SUSPICIOUS_MOVE = YES;
				CLANG_WARN_UNGUARDED_AVAILABILITY = YES_AGGRESSIVE;
				CLANG_WARN_UNREACHABLE_CODE = YES;
				CLANG_WARN__DUPLICATE_METHOD_MATCH = YES;
				CODE_SIGN_IDENTITY = "iPhone Developer";
				COPY_PHASE_STRIP = NO;
				DEBUG_INFORMATION_FORMAT = dwarf;
				ENABLE_STRICT_OBJC_MSGSEND = YES;
				ENABLE_TESTABILITY = YES;
				GCC_C_LANGUAGE_STANDARD = gnu11;
				GCC_DYNAMIC_NO_PIC = NO;
				GCC_NO_COMMON_BLOCKS = YES;
				GCC_OPTIMIZATION_LEVEL = 0;
				GCC_PREPROCESSOR_DEFINITIONS = (
					"DEBUG=1",
					"$(inherited)",
				);
				GCC_WARN_64_TO_32_BIT_CONVERSION = YES;
				GCC_WARN_ABOUT_RETURN_TYPE = YES_ERROR;
				GCC_WARN_UNDECLARED_SELECTOR = YES;
				GCC_WARN_UNINITIALIZED_AUTOS = YES_AGGRESSIVE;
				GCC_WARN_UNUSED_FUNCTION = YES;
				GCC_WARN_UNUSED_VARIABLE = YES;
				IPHONEOS_DEPLOYMENT_TARGET = 9.0;
				MTL_ENABLE_DEBUG_INFO = YES;
				ONLY_ACTIVE_ARCH = YES;
				SDKROOT = iphoneos;
			};
			name = Debug;
		};
		0D510802205FAE7B0083E9E2 /* Release */ = {
			isa = XCBuildConfiguration;
			buildSettings = {
				ALWAYS_SEARCH_USER_PATHS = NO;
				CLANG_ANALYZER_NONNULL = YES;
				CLANG_ANALYZER_NUMBER_OBJECT_CONVERSION = YES_AGGRESSIVE;
				CLANG_CXX_LANGUAGE_STANDARD = "gnu++14";
				CLANG_CXX_LIBRARY = "libc++";
				CLANG_ENABLE_MODULES = YES;
				CLANG_ENABLE_OBJC_ARC = YES;
				CLANG_WARN_BLOCK_CAPTURE_AUTORELEASING = YES;
				CLANG_WARN_BOOL_CONVERSION = YES;
				CLANG_WARN_COMMA = YES;
				CLANG_WARN_CONSTANT_CONVERSION = YES;
				CLANG_WARN_DIRECT_OBJC_ISA_USAGE = YES_ERROR;
				CLANG_WARN_DOCUMENTATION_COMMENTS = YES;
				CLANG_WARN_EMPTY_BODY = YES;
				CLANG_WARN_ENUM_CONVERSION = YES;
				CLANG_WARN_INFINITE_RECURSION = YES;
				CLANG_WARN_INT_CONVERSION = YES;
				CLANG_WARN_NON_LITERAL_NULL_CONVERSION = YES;
				CLANG_WARN_OBJC_LITERAL_CONVERSION = YES;
				CLANG_WARN_OBJC_ROOT_CLASS = YES_ERROR;
				CLANG_WARN_RANGE_LOOP_ANALYSIS = YES;
				CLANG_WARN_STRICT_PROTOTYPES = YES;
				CLANG_WARN_SUSPICIOUS_MOVE = YES;
				CLANG_WARN_UNGUARDED_AVAILABILITY = YES_AGGRESSIVE;
				CLANG_WARN_UNREACHABLE_CODE = YES;
				CLANG_WARN__DUPLICATE_METHOD_MATCH = YES;
				CODE_SIGN_IDENTITY = "iPhone Developer";
				COPY_PHASE_STRIP = NO;
				DEBUG_INFORMATION_FORMAT = "dwarf-with-dsym";
				ENABLE_NS_ASSERTIONS = NO;
				ENABLE_STRICT_OBJC_MSGSEND = YES;
				GCC_C_LANGUAGE_STANDARD = gnu11;
				GCC_NO_COMMON_BLOCKS = YES;
				GCC_WARN_64_TO_32_BIT_CONVERSION = YES;
				GCC_WARN_ABOUT_RETURN_TYPE = YES_ERROR;
				GCC_WARN_UNDECLARED_SELECTOR = YES;
				GCC_WARN_UNINITIALIZED_AUTOS = YES_AGGRESSIVE;
				GCC_WARN_UNUSED_FUNCTION = YES;
				GCC_WARN_UNUSED_VARIABLE = YES;
				IPHONEOS_DEPLOYMENT_TARGET = 9.0;
				MTL_ENABLE_DEBUG_INFO = NO;
				SDKROOT = iphoneos;
				VALIDATE_PRODUCT = YES;
			};
			name = Release;
		};
		0D510804205FAE7B0083E9E2 /* Debug */ = {
			isa = XCBuildConfiguration;
			baseConfigurationReference = 25D095DB912420A2E2BFC461 /* Pods-DeviceInfo.debug.xcconfig */;
			buildSettings = {
				ASSETCATALOG_COMPILER_APPICON_NAME = AppIcon;
				CODE_SIGN_STYLE = Manual;
				DEVELOPMENT_TEAM = "";
				INFOPLIST_FILE = "DeviceInfo/Supporting Files/Info.plist";
				IPHONEOS_DEPLOYMENT_TARGET = 9.0;
				LD_RUNPATH_SEARCH_PATHS = "$(inherited) @executable_path/Frameworks";
				PRODUCT_BUNDLE_IDENTIFIER = com.reason.test;
				PRODUCT_NAME = "$(TARGET_NAME)";
				PROVISIONING_PROFILE_SPECIFIER = "";
				TARGETED_DEVICE_FAMILY = "1,2";
			};
			name = Debug;
		};
		0D510805205FAE7B0083E9E2 /* Release */ = {
			isa = XCBuildConfiguration;
			baseConfigurationReference = 345820B946725E031619F1C2 /* Pods-DeviceInfo.release.xcconfig */;
			buildSettings = {
				ASSETCATALOG_COMPILER_APPICON_NAME = AppIcon;
				CODE_SIGN_STYLE = Manual;
				DEVELOPMENT_TEAM = KGHA6KJK9Z;
				INFOPLIST_FILE = "DeviceInfo/Supporting Files/Info.plist";
				IPHONEOS_DEPLOYMENT_TARGET = 9.0;
				LD_RUNPATH_SEARCH_PATHS = "$(inherited) @executable_path/Frameworks";
				PRODUCT_BUNDLE_IDENTIFIER = com.reason.test;
				PRODUCT_NAME = "$(TARGET_NAME)";
				PROVISIONING_PROFILE = "39a0da18-a029-4cbc-b434-f5c97a54595e";
				PROVISIONING_PROFILE_SPECIFIER = DeviceInfo;
				TARGETED_DEVICE_FAMILY = "1,2";
			};
			name = Release;
		};
		0D510807205FAE7B0083E9E2 /* Debug */ = {
			isa = XCBuildConfiguration;
			buildSettings = {
				BUNDLE_LOADER = "$(TEST_HOST)";
				CODE_SIGN_STYLE = Automatic;
				INFOPLIST_FILE = DeviceInfoTests/Info.plist;
				LD_RUNPATH_SEARCH_PATHS = "$(inherited) @executable_path/Frameworks @loader_path/Frameworks";
				PRODUCT_BUNDLE_IDENTIFIER = com.reason.technology.DeviceInfoTests;
				PRODUCT_NAME = "$(TARGET_NAME)";
				TARGETED_DEVICE_FAMILY = "1,2";
				TEST_HOST = "$(BUILT_PRODUCTS_DIR)/DeviceInfo.app/DeviceInfo";
			};
			name = Debug;
		};
		0D510808205FAE7B0083E9E2 /* Release */ = {
			isa = XCBuildConfiguration;
			buildSettings = {
				BUNDLE_LOADER = "$(TEST_HOST)";
				CODE_SIGN_STYLE = Automatic;
				INFOPLIST_FILE = DeviceInfoTests/Info.plist;
				LD_RUNPATH_SEARCH_PATHS = "$(inherited) @executable_path/Frameworks @loader_path/Frameworks";
				PRODUCT_BUNDLE_IDENTIFIER = com.reason.technology.DeviceInfoTests;
				PRODUCT_NAME = "$(TARGET_NAME)";
				TARGETED_DEVICE_FAMILY = "1,2";
				TEST_HOST = "$(BUILT_PRODUCTS_DIR)/DeviceInfo.app/DeviceInfo";
			};
			name = Release;
		};
		0D51080A205FAE7B0083E9E2 /* Debug */ = {
			isa = XCBuildConfiguration;
			buildSettings = {
				CODE_SIGN_STYLE = Automatic;
				INFOPLIST_FILE = DeviceInfoUITests/Info.plist;
				LD_RUNPATH_SEARCH_PATHS = "$(inherited) @executable_path/Frameworks @loader_path/Frameworks";
				PRODUCT_BUNDLE_IDENTIFIER = com.reason.technology.DeviceInfoUITests;
				PRODUCT_NAME = "$(TARGET_NAME)";
				TARGETED_DEVICE_FAMILY = "1,2";
				TEST_TARGET_NAME = DeviceInfo;
			};
			name = Debug;
		};
		0D51080B205FAE7B0083E9E2 /* Release */ = {
			isa = XCBuildConfiguration;
			buildSettings = {
				CODE_SIGN_STYLE = Automatic;
				INFOPLIST_FILE = DeviceInfoUITests/Info.plist;
				LD_RUNPATH_SEARCH_PATHS = "$(inherited) @executable_path/Frameworks @loader_path/Frameworks";
				PRODUCT_BUNDLE_IDENTIFIER = com.reason.technology.DeviceInfoUITests;
				PRODUCT_NAME = "$(TARGET_NAME)";
				TARGETED_DEVICE_FAMILY = "1,2";
				TEST_TARGET_NAME = DeviceInfo;
			};
			name = Release;
		};
		0DF232AB20AEC8D400CF53B8 /* Debug */ = {
			isa = XCBuildConfiguration;
			baseConfigurationReference = 25D095DB912420A2E2BFC461 /* Pods-DeviceInfo.debug.xcconfig */;
			buildSettings = {
				ASSETCATALOG_COMPILER_APPICON_NAME = AppIcon;
				CODE_SIGN_STYLE = Manual;
				DEVELOPMENT_TEAM = "";
				INFOPLIST_FILE = "$(SRCROOT)/DeviceInfo_AppStore.plist";
				IPHONEOS_DEPLOYMENT_TARGET = 9.0;
				LD_RUNPATH_SEARCH_PATHS = "$(inherited) @executable_path/Frameworks";
				PRODUCT_BUNDLE_IDENTIFIER = com.reason.test2;
				PRODUCT_NAME = "$(TARGET_NAME)";
				PROVISIONING_PROFILE_SPECIFIER = "";
				TARGETED_DEVICE_FAMILY = "1,2";
			};
			name = Debug;
		};
		0DF232AC20AEC8D400CF53B8 /* Release */ = {
			isa = XCBuildConfiguration;
			baseConfigurationReference = 345820B946725E031619F1C2 /* Pods-DeviceInfo.release.xcconfig */;
			buildSettings = {
				ASSETCATALOG_COMPILER_APPICON_NAME = AppIcon;
				CODE_SIGN_STYLE = Manual;
				DEVELOPMENT_TEAM = KGHA6KJK9Z;
				INFOPLIST_FILE = "$(SRCROOT)/DeviceInfo_AppStore.plist";
				IPHONEOS_DEPLOYMENT_TARGET = 9.0;
				LD_RUNPATH_SEARCH_PATHS = "$(inherited) @executable_path/Frameworks";
				PRODUCT_BUNDLE_IDENTIFIER = com.reason.test2;
				PRODUCT_NAME = "$(TARGET_NAME)";
				PROVISIONING_PROFILE = "d27f1d1d-7104-414c-b103-8ac3a3b3a928";
				PROVISIONING_PROFILE_SPECIFIER = DeviceInfo_AppStore;
				TARGETED_DEVICE_FAMILY = "1,2";
			};
			name = Release;
		};
/* End XCBuildConfiguration section */

/* Begin XCConfigurationList section */
		0D5107D2205FAE7B0083E9E2 /* Build configuration list for PBXProject "DeviceInfo" */ = {
			isa = XCConfigurationList;
			buildConfigurations = (
				0D510801205FAE7B0083E9E2 /* Debug */,
				0D510802205FAE7B0083E9E2 /* Release */,
			);
			defaultConfigurationIsVisible = 0;
			defaultConfigurationName = Release;
		};
		0D510803205FAE7B0083E9E2 /* Build configuration list for PBXNativeTarget "DeviceInfo" */ = {
			isa = XCConfigurationList;
			buildConfigurations = (
				0D510804205FAE7B0083E9E2 /* Debug */,
				0D510805205FAE7B0083E9E2 /* Release */,
			);
			defaultConfigurationIsVisible = 0;
			defaultConfigurationName = Release;
		};
		0D510806205FAE7B0083E9E2 /* Build configuration list for PBXNativeTarget "DeviceInfoTests" */ = {
			isa = XCConfigurationList;
			buildConfigurations = (
				0D510807205FAE7B0083E9E2 /* Debug */,
				0D510808205FAE7B0083E9E2 /* Release */,
			);
			defaultConfigurationIsVisible = 0;
			defaultConfigurationName = Release;
		};
		0D510809205FAE7B0083E9E2 /* Build configuration list for PBXNativeTarget "DeviceInfoUITests" */ = {
			isa = XCConfigurationList;
			buildConfigurations = (
				0D51080A205FAE7B0083E9E2 /* Debug */,
				0D51080B205FAE7B0083E9E2 /* Release */,
			);
			defaultConfigurationIsVisible = 0;
			defaultConfigurationName = Release;
		};
		0DF232AA20AEC8D400CF53B8 /* Build configuration list for PBXNativeTarget "DeviceInfo_AppStore" */ = {
			isa = XCConfigurationList;
			buildConfigurations = (
				0DF232AB20AEC8D400CF53B8 /* Debug */,
				0DF232AC20AEC8D400CF53B8 /* Release */,
			);
			defaultConfigurationIsVisible = 0;
			defaultConfigurationName = Release;
		};
/* End XCConfigurationList section */
	};
	rootObject = 0D5107CF205FAE7B0083E9E2 /* Project object */;
}
